{
    "_readme": [
        "This file locks the dependencies of your project to a known state",
        "Read more about it at http://getcomposer.org/doc/01-basic-usage.md#composer-lock-the-lock-file",
        "This file is @generated automatically"
    ],
    "hash": "d2743ff5c5e2a26863c8b75e46f059aa",
    "packages": [
        {
            "name": "adoy/oauth2",
            "version": "dev-master",
            "source": {
                "type": "git",
                "url": "https://github.com/adoy/PHP-OAuth2.git",
                "reference": "27c0d7f65e25074ce1c4a916c798db3a29c85e9d"
            },
            "dist": {
                "type": "zip",
                "url": "https://api.github.com/repos/adoy/PHP-OAuth2/zipball/27c0d7f65e25074ce1c4a916c798db3a29c85e9d",
                "reference": "27c0d7f65e25074ce1c4a916c798db3a29c85e9d",
                "shasum": ""
            },
            "require": {
                "php": ">=5.3.0"
            },
            "type": "library",
            "autoload": {
                "psr-0": {
                    "OAuth2": "src/"
                }
            },
            "notification-url": "https://packagist.org/downloads/",
            "license": [
                "LGPL-2.1"
            ],
            "authors": [
                {
                    "name": "Pierrick Charron",
                    "email": "pierrick@webstart.fr"
                },
                {
                    "name": "Berejeb Anis",
                    "email": "anis.berejeb@gmail.com"
                }
            ],
            "description": "Light PHP wrapper for the OAuth 2.0 protocol (based on OAuth 2.0 Authorization Protocol draft-ietf-oauth-v2-15)",
            "time": "2014-03-07 16:05:00"
        },
        {
            "name": "duanejeffers/cli.class.php",
            "version": "dev-master",
            "source": {
                "type": "git",
                "url": "https://github.com/duanejeffers/cli.class.php.git",
                "reference": "4475fa1aa0300ff01afd95ed0b520f7f23e1ca50"
            },
            "dist": {
                "type": "zip",
                "url": "https://api.github.com/repos/duanejeffers/cli.class.php/zipball/4475fa1aa0300ff01afd95ed0b520f7f23e1ca50",
                "reference": "4475fa1aa0300ff01afd95ed0b520f7f23e1ca50",
                "shasum": ""
            },
            "type": "library",
            "autoload": {
                "files": [
                    "Cli.php"
                ]
            },
            "notification-url": "https://packagist.org/downloads/",
            "license": [
                "MIT"
            ],
            "authors": [
                {
                    "name": "Duane Jeffers",
                    "email": "duane@duanejeffers.com",
                    "homepage": "http://duanejeffers.com/",
                    "role": "Developer"
                }
            ],
            "description": "Simple object for creating CLI programs in PHP",
            "time": "2013-12-02 22:30:19"
        },
        {
            "name": "j4mie/idiorm",
            "version": "v1.5.1",
            "source": {
                "type": "git",
                "url": "https://github.com/j4mie/idiorm.git",
                "reference": "b0922d8719a94e3a0e0e4a0ca3876f4f91475dcf"
            },
            "dist": {
                "type": "zip",
                "url": "https://api.github.com/repos/j4mie/idiorm/zipball/b0922d8719a94e3a0e0e4a0ca3876f4f91475dcf",
                "reference": "b0922d8719a94e3a0e0e4a0ca3876f4f91475dcf",
                "shasum": ""
            },
            "require": {
                "php": ">=5.2.0"
            },
            "type": "library",
            "autoload": {
                "classmap": [
                    "idiorm.php"
                ]
            },
            "notification-url": "https://packagist.org/downloads/",
            "license": [
                "BSD-2-Clause",
                "BSD-3-Clause",
                "BSD-4-Clause"
            ],
            "authors": [
                {
                    "name": "Simon Holywell",
                    "email": "treffynnon@php.net",
                    "homepage": "http://simonholywell.com",
                    "role": "Maintainer"
                },
                {
                    "name": "Jamie Matthews",
                    "email": "jamie.matthews@gmail.com",
                    "homepage": "http://j4mie.org",
                    "role": "Developer"
                },
                {
                    "name": "Durham Hale",
                    "email": "me@durhamhale.com",
                    "homepage": "http://durhamhale.com",
                    "role": "Maintainer"
                }
            ],
            "description": "A lightweight nearly-zero-configuration object-relational mapper and fluent query builder for PHP5",
            "homepage": "http://j4mie.github.com/idiormandparis",
            "keywords": [
                "idiorm",
                "orm",
                "query builder"
            ],
            "time": "2014-06-23 13:08:57"
        },
        {
            "name": "katzgrau/klogger",
            "version": "1.0.0",
            "source": {
                "type": "git",
                "url": "https://github.com/katzgrau/klogger.git",
                "reference": "46cdd92a9b4a8443120cc955bf831450cb274813"
            },
            "dist": {
                "type": "zip",
                "url": "https://api.github.com/repos/katzgrau/klogger/zipball/46cdd92a9b4a8443120cc955bf831450cb274813",
                "reference": "46cdd92a9b4a8443120cc955bf831450cb274813",
                "shasum": ""
            },
            "require": {
                "php": ">=5.3",
                "psr/log": "1.0.0"
            },
            "require-dev": {
                "phpunit/phpunit": "4.0.*"
            },
            "type": "library",
            "autoload": {
                "psr-4": {
                    "Katzgrau\\KLogger\\": "src/"
                },
                "classmap": [
                    "src/"
                ]
            },
            "notification-url": "https://packagist.org/downloads/",
            "license": [
                "MIT"
            ],
            "authors": [
                {
                    "name": "Dan Horrigan",
                    "email": "dan@dhorrigan.com",
                    "homepage": "http://dhorrigan.com",
                    "role": "Lead Developer"
                },
                {
                    "name": "Kenny Katzgrau",
                    "email": "katzgrau@gmail.com"
                }
            ],
            "description": "A Simple Logging Class",
            "keywords": [
                "logging"
            ],
            "time": "2014-03-20 02:36:36"
        },
        {
            "name": "psr/log",
            "version": "1.0.0",
            "source": {
                "type": "git",
                "url": "https://github.com/php-fig/log.git",
                "reference": "fe0936ee26643249e916849d48e3a51d5f5e278b"
            },
            "dist": {
                "type": "zip",
                "url": "https://api.github.com/repos/php-fig/log/zipball/fe0936ee26643249e916849d48e3a51d5f5e278b",
                "reference": "fe0936ee26643249e916849d48e3a51d5f5e278b",
                "shasum": ""
            },
            "type": "library",
            "autoload": {
                "psr-0": {
                    "Psr\\Log\\": ""
                }
            },
            "notification-url": "https://packagist.org/downloads/",
            "license": [
                "MIT"
            ],
            "authors": [
                {
                    "name": "PHP-FIG",
                    "homepage": "http://www.php-fig.org/"
                }
            ],
            "description": "Common interface for logging libraries",
            "keywords": [
                "log",
                "psr",
                "psr-3"
            ],
            "time": "2012-12-21 11:40:51"
        },
        {
            "name": "slim/slim",
            "version": "2.5.0",
            "source": {
                "type": "git",
                "url": "https://github.com/codeguy/Slim.git",
                "reference": "04958a10ed95bc7bc97568e573877d4f9b62db48"
            },
            "dist": {
                "type": "zip",
                "url": "https://api.github.com/repos/codeguy/Slim/zipball/04958a10ed95bc7bc97568e573877d4f9b62db48",
                "reference": "04958a10ed95bc7bc97568e573877d4f9b62db48",
                "shasum": ""
            },
            "require": {
                "php": ">=5.3.0"
            },
            "suggest": {
                "ext-mcrypt": "Required for HTTP cookie encryption"
            },
            "type": "library",
            "autoload": {
                "psr-0": {
                    "Slim": "."
                }
            },
            "notification-url": "https://packagist.org/downloads/",
            "license": [
                "MIT"
            ],
            "authors": [
                {
                    "name": "Josh Lockhart",
                    "email": "info@joshlockhart.com",
                    "homepage": "http://www.joshlockhart.com/"
                }
            ],
            "description": "Slim Framework, a PHP micro framework",
            "homepage": "http://github.com/codeguy/Slim",
            "keywords": [
                "microframework",
                "rest",
                "router"
            ],
            "time": "2014-12-09 19:59:29"
        },
        {
            "name": "tylerjuniorcollege/slim-layout",
            "version": "dev-master",
            "source": {
                "type": "git",
                "url": "https://github.com/tylerjuniorcollege/slim-layout.git",
                "reference": "6835eadfd555c6c8e7743a6049f07fca7d5ca63a"
            },
            "dist": {
                "type": "zip",
                "url": "https://api.github.com/repos/tylerjuniorcollege/slim-layout/zipball/6835eadfd555c6c8e7743a6049f07fca7d5ca63a",
                "reference": "6835eadfd555c6c8e7743a6049f07fca7d5ca63a",
                "shasum": ""
            },
            "require": {
                "slim/slim": "2.*"
            },
            "type": "library",
            "autoload": {
                "psr-4": {
                    "TJC\\View\\": "src/"
                }
            },
            "notification-url": "https://packagist.org/downloads/",
            "license": [
                "MIT"
            ],
            "authors": [
                {
                    "name": "Duane Jeffers",
                    "email": "djef@tjc.edu",
                    "role": "Developer"
                }
            ],
            "description": "Simple Layout Class for Slim Framework",
            "time": "2014-11-18 22:29:21"
        }
    ],
    "packages-dev": [
        {
            "name": "filp/whoops",
            "version": "1.1.3",
            "source": {
                "type": "git",
                "url": "https://github.com/filp/whoops.git",
                "reference": "a85fab9a98f1f9b8ebcdbe71733f0d910e5b9adf"
            },
            "dist": {
                "type": "zip",
                "url": "https://api.github.com/repos/filp/whoops/zipball/a85fab9a98f1f9b8ebcdbe71733f0d910e5b9adf",
                "reference": "a85fab9a98f1f9b8ebcdbe71733f0d910e5b9adf",
                "shasum": ""
            },
            "require": {
                "php": ">=5.3.0"
            },
            "require-dev": {
                "mockery/mockery": "0.9.*"
            },
            "type": "library",
            "extra": {
                "branch-alias": {
                    "dev-master": "1.2-dev"
                }
            },
            "autoload": {
                "psr-0": {
                    "Whoops": "src/"
                },
                "classmap": [
                    "src/deprecated"
                ]
            },
            "notification-url": "https://packagist.org/downloads/",
            "license": [
                "MIT"
            ],
            "authors": [
                {
                    "name": "Filipe Dobreira",
                    "homepage": "https://github.com/filp",
                    "role": "Developer"
                }
            ],
            "description": "php error handling for cool kids",
            "homepage": "https://github.com/filp/whoops",
            "keywords": [
                "error",
                "exception",
                "handling",
                "library",
                "silex-provider",
                "whoops",
                "zf2"
            ],
            "time": "2014-10-26 09:05:09"
        },
        {
            "name": "zeuxisoo/slim-whoops",
            "version": "0.2.0",
            "source": {
                "type": "git",
                "url": "https://github.com/zeuxisoo/php-slim-whoops.git",
                "reference": "189d6f8907e0f78d18513bb14897a91dd68a423f"
            },
            "dist": {
                "type": "zip",
                "url": "https://api.github.com/repos/zeuxisoo/php-slim-whoops/zipball/189d6f8907e0f78d18513bb14897a91dd68a423f",
                "reference": "189d6f8907e0f78d18513bb14897a91dd68a423f",
                "shasum": ""
            },
            "require": {
                "php": ">=5.3.0"
            },
            "require-dev": {
                "filp/whoops": "1.*",
                "phpunit/phpunit": "3.7.*@dev",
                "slim/slim": "2.*"
            },
            "type": "library",
            "autoload": {
                "psr-0": {
                    "Zeuxisoo\\Whoops\\Provider\\Slim\\WhoopsMiddleware": "src/"
                }
            },
            "notification-url": "https://packagist.org/downloads/",
            "license": [
                "BSD-2-Clause"
            ],
            "authors": [
                {
                    "name": "Zeuxis.Lo",
                    "email": "seekstudio@gmail.com",
                    "homepage": "http://www.chair.im/",
                    "role": "Developer"
                }
            ],
            "description": "PHP whoops error on slim framework",
            "homepage": "https://github.com/zeuxisoo/php-slim-whoops/",
            "keywords": [
                "error",
                "exception",
                "slim",
                "whoops"
            ],
            "time": "2014-04-02 04:57:23"
        }
    ],
    "aliases": [],
    "minimum-stability": "stable",
    "stability-flags": {
        "duanejeffers/cli.class.php": 20,
        "tylerjuniorcollege/slim-layout": 20,
        "adoy/oauth2": 20
    },
    "prefer-stable": true,
    "prefer-lowest": false,
    "platform": [],
    "platform-dev": []
}
